{
  "name": "forkup",
  "version": "0.2.1",
  "lockfileVersion": 1,
  "requires": true,
  "dependencies": {
    "parse-dat-url": {
      "version": "3.0.1",
      "resolved": "https://registry.npmjs.org/parse-dat-url/-/parse-dat-url-3.0.1.tgz",
      "integrity": "sha512-xVq8RDzqy9xlMh43h3iGkak2T8Bk2IRQUTo8eVdGJp8xrk62/OkS+RMAou/cxLAjoTuY0YbYbmxVUemE78NISA=="
    }
  }
}
